# THIS IS AN AUTOGENERATED FILE. DO NOT EDIT THIS FILE DIRECTLY.
# yarn lockfile v1


"@babel/helper-validator-identifier@^7.14.9":
  version "7.15.7"
  resolved "https://registry.nlark.com/@babel/helper-validator-identifier/download/@babel/helper-validator-identifier-7.15.7.tgz?cache=0&sync_timestamp=1631920000984&other_urls=https%3A%2F%2Fregistry.nlark.com%2F%40babel%2Fhelper-validator-identifier%2Fdownload%2F%40babel%2Fhelper-validator-identifier-7.15.7.tgz#220df993bfe904a4a6b02ab4f3385a5ebf6e2389"
  integrity sha1-Ig35k7/pBKSmsCq08zhaXr9uI4k=

"@babel/parser@^7.15.0", "@babel/parser@^7.6.0", "@babel/parser@^7.9.6":
  version "7.15.7"
  resolved "https://registry.nlark.com/@babel/parser/download/@babel/parser-7.15.7.tgz#0c3ed4a2eb07b165dfa85b3cc45c727334c4edae"
  integrity sha1-DD7UousHsWXfqFs8xFxyczTE7a4=

"@babel/types@^7.6.1", "@babel/types@^7.9.6":
  version "7.15.6"
  resolved "https://registry.nlark.com/@babel/types/download/@babel/types-7.15.6.tgz?cache=0&sync_timestamp=1631216408117&other_urls=https%3A%2F%2Fregistry.nlark.com%2F%40babel%2Ftypes%2Fdownload%2F%40babel%2Ftypes-7.15.6.tgz#99abdc48218b2881c058dd0a7ab05b99c9be758f"
  integrity sha1-mavcSCGLKIHAWN0KerBbmcm+dY8=
  dependencies:
    "@babel/helper-validator-identifier" "^7.14.9"
    to-fast-properties "^2.0.0"

"@emmetio/abbreviation@^2.2.2":
  version "2.2.2"
  resolved "https://registry.nlark.com/@emmetio/abbreviation/download/@emmetio/abbreviation-2.2.2.tgz#746762fd9e7a8c2ea604f580c62e3cfe250e6989"
  integrity sha1-dGdi/Z56jC6mBPWAxi48/iUOaYk=
  dependencies:
    "@emmetio/scanner" "^1.0.0"

"@emmetio/css-abbreviation@^2.1.4":
  version "2.1.4"
  resolved "https://registry.nlark.com/@emmetio/css-abbreviation/download/@emmetio/css-abbreviation-2.1.4.tgz#90362e8a1122ce3b76f6c3157907d30182f53f54"
  integrity sha1-kDYuihEizjt29sMVeQfTAYL1P1Q=
  dependencies:
    "@emmetio/scanner" "^1.0.0"

"@emmetio/scanner@^1.0.0":
  version "1.0.0"
  resolved "https://registry.npm.taobao.org/@emmetio/scanner/download/@emmetio/scanner-1.0.0.tgz#065b2af6233fe7474d44823e3deb89724af42b5f"
  integrity sha1-Blsq9iM/50dNRII+PeuJckr0K18=

"@types/node@^16.10.1":
  version "16.10.1"
  resolved "https://registry.npmmirror.com/@types/node/download/@types/node-16.10.1.tgz?cache=0&other_urls=https%3A%2F%2Fregistry.npmmirror.com%2F%40types%2Fnode%2Fdownload%2F%40types%2Fnode-16.10.1.tgz#f3647623199ca920960006b3dccf633ea905f243"
  integrity sha1-82R2IxmcqSCWAAaz3M9jPqkF8kM=

"@types/qs@^6.9.7":
  version "6.9.7"
  resolved "https://registry.nlark.com/@types/qs/download/@types/qs-6.9.7.tgz?cache=0&sync_timestamp=1629708766601&other_urls=https%3A%2F%2Fregistry.nlark.com%2F%40types%2Fqs%2Fdownload%2F%40types%2Fqs-6.9.7.tgz#63bb7d067db107cc1e457c303bc25d511febf6cb"
  integrity sha1-Y7t9Bn2xB8weRXwwO8JdUR/r9ss=

"@vitejs/plugin-vue@^1.9.0":
  version "1.9.2"
  resolved "https://registry.npmmirror.com/@vitejs/plugin-vue/download/@vitejs/plugin-vue-1.9.2.tgz#7234efb8c3c3d60c7eac350a935074ab1820ae0e"
  integrity sha1-cjTvuMPD1gx+rDUKk1B0qxggrg4=

"@volar/code-gen@^0.27.24":
  version "0.27.24"
  resolved "https://registry.npmmirror.com/@volar/code-gen/download/@volar/code-gen-0.27.24.tgz?cache=0&sync_timestamp=1632378508453&other_urls=https%3A%2F%2Fregistry.npmmirror.com%2F%40volar%2Fcode-gen%2Fdownload%2F%40volar%2Fcode-gen-0.27.24.tgz#ccdbe858951c1ee4e0c3979232d52412dc46756a"
  integrity sha1-zNvoWJUcHuTgw5eSMtUkEtxGdWo=
  dependencies:
    "@volar/shared" "^0.27.24"
    "@volar/source-map" "^0.27.24"

"@volar/html2pug@^0.27.13":
  version "0.27.13"
  resolved "https://registry.nlark.com/@volar/html2pug/download/@volar/html2pug-0.27.13.tgz#48dfa73ecf1ef1955a02a046d0c88845950fac85"
  integrity sha1-SN+nPs8e8ZVaAqBG0MiIRZUPrIU=
  dependencies:
    domelementtype "^2.2.0"
    domhandler "^4.2.0"
    htmlparser2 "^6.1.0"
    pug "^3.0.2"

"@volar/shared@^0.27.24":
  version "0.27.24"
  resolved "https://registry.npmmirror.com/@volar/shared/download/@volar/shared-0.27.24.tgz?cache=0&sync_timestamp=1632378507411&other_urls=https%3A%2F%2Fregistry.npmmirror.com%2F%40volar%2Fshared%2Fdownload%2F%40volar%2Fshared-0.27.24.tgz#a33457ec8ac0b0d367ed54c9e21913a5f8c2d6c2"
  integrity sha1-ozRX7IrAsNNn7VTJ4hkTpfjC1sI=
  dependencies:
    upath "^2.0.1"
    vscode-jsonrpc "^8.0.0-next.2"
    vscode-uri "^3.0.2"

"@volar/source-map@^0.27.24":
  version "0.27.24"
  resolved "https://registry.npmmirror.com/@volar/source-map/download/@volar/source-map-0.27.24.tgz?cache=0&sync_timestamp=1632378508040&other_urls=https%3A%2F%2Fregistry.npmmirror.com%2F%40volar%2Fsource-map%2Fdownload%2F%40volar%2Fsource-map-0.27.24.tgz#60f2e070c169be82cbf7ffa296a30c2823c5205f"
  integrity sha1-YPLgcMFpvoLL9/+ilqMMKCPFIF8=
  dependencies:
    "@volar/shared" "^0.27.24"

"@volar/transforms@^0.27.24":
  version "0.27.24"
  resolved "https://registry.npmmirror.com/@volar/transforms/download/@volar/transforms-0.27.24.tgz?cache=0&sync_timestamp=1632378508627&other_urls=https%3A%2F%2Fregistry.npmmirror.com%2F%40volar%2Ftransforms%2Fdownload%2F%40volar%2Ftransforms-0.27.24.tgz#68ebc53dca2e36884e247c0866ec3d24ed815784"
  integrity sha1-aOvFPcouNohOJHwIZuw9JO2BV4Q=
  dependencies:
    "@volar/shared" "^0.27.24"
    vscode-languageserver "^8.0.0-next.2"

"@vscode/emmet-helper@^2.7.0":
  version "2.7.0"
  resolved "https://registry.nlark.com/@vscode/emmet-helper/download/@vscode/emmet-helper-2.7.0.tgz#3db485f6a650196ff8bbd38ba1b9e468ec8d22f8"
  integrity sha1-PbSF9qZQGW/4u9OLobnkaOyNIvg=
  dependencies:
    emmet "^2.3.0"
    jsonc-parser "^2.3.0"
    vscode-languageserver-textdocument "^1.0.1"
    vscode-languageserver-types "^3.15.1"
    vscode-nls "^5.0.0"
    vscode-uri "^2.1.2"

"@vue/compiler-core@3.2.19":
  version "3.2.19"
  resolved "https://registry.npmmirror.com/@vue/compiler-core/download/@vue/compiler-core-3.2.19.tgz#b537dd377ce51fdb64e9b30ebfbff7cd70a64cb9"
  integrity sha1-tTfdN3zlH9tk6bMOv7/3zXCmTLk=
  dependencies:
    "@babel/parser" "^7.15.0"
    "@vue/shared" "3.2.19"
    estree-walker "^2.0.2"
    source-map "^0.6.1"

"@vue/compiler-dom@3.2.19", "@vue/compiler-dom@^3.2.19":
  version "3.2.19"
  resolved "https://registry.npmmirror.com/@vue/compiler-dom/download/@vue/compiler-dom-3.2.19.tgz#0607bc90de6af55fde73b09b3c4d0bf8cb597ed8"
  integrity sha1-Bge8kN5q9V/ec7CbPE0L+MtZftg=
  dependencies:
    "@vue/compiler-core" "3.2.19"
    "@vue/shared" "3.2.19"

"@vue/compiler-sfc@3.2.19":
  version "3.2.19"
  resolved "https://registry.npmmirror.com/@vue/compiler-sfc/download/@vue/compiler-sfc-3.2.19.tgz#d412195a98ebd49b84602f171719294a1d9549be"
  integrity sha1-1BIZWpjr1JuEYC8XFxkpSh2VSb4=
  dependencies:
    "@babel/parser" "^7.15.0"
    "@vue/compiler-core" "3.2.19"
    "@vue/compiler-dom" "3.2.19"
    "@vue/compiler-ssr" "3.2.19"
    "@vue/ref-transform" "3.2.19"
    "@vue/shared" "3.2.19"
    estree-walker "^2.0.2"
    magic-string "^0.25.7"
    postcss "^8.1.10"
    source-map "^0.6.1"

"@vue/compiler-ssr@3.2.19":
  version "3.2.19"
  resolved "https://registry.npmmirror.com/@vue/compiler-ssr/download/@vue/compiler-ssr-3.2.19.tgz#3e91ecf70f8f961c5f63eacd2139bcdab9a7a07c"
  integrity sha1-PpHs9w+PlhxfY+rNITm82rmnoHw=
  dependencies:
    "@vue/compiler-dom" "3.2.19"
    "@vue/shared" "3.2.19"

"@vue/devtools-api@^6.0.0-beta.14":
  version "6.0.0-beta.18"
  resolved "https://registry.npmmirror.com/@vue/devtools-api/download/@vue/devtools-api-6.0.0-beta.18.tgz?cache=0&sync_timestamp=1632352727221&other_urls=https%3A%2F%2Fregistry.npmmirror.com%2F%40vue%2Fdevtools-api%2Fdownload%2F%40vue%2Fdevtools-api-6.0.0-beta.18.tgz#84c0aff9289a57294cb97490811f69e8a0a67f8a"
  integrity sha1-hMCv+SiaVylMuXSQgR9p6KCmf4o=

"@vue/reactivity@3.2.19", "@vue/reactivity@^3.2.19":
  version "3.2.19"
  resolved "https://registry.npmmirror.com/@vue/reactivity/download/@vue/reactivity-3.2.19.tgz#fc6e0f0106f295226835cfed5ff5f84d927bea65"
  integrity sha1-/G4PAQbylSJoNc/tX/X4TZJ76mU=
  dependencies:
    "@vue/shared" "3.2.19"

"@vue/ref-transform@3.2.19":
  version "3.2.19"
  resolved "https://registry.npmmirror.com/@vue/ref-transform/download/@vue/ref-transform-3.2.19.tgz#cf0f986486bb26838fbd09749e927bab19745600"
  integrity sha1-zw+YZIa7JoOPvQl0npJ7qxl0VgA=
  dependencies:
    "@babel/parser" "^7.15.0"
    "@vue/compiler-core" "3.2.19"
    "@vue/shared" "3.2.19"
    estree-walker "^2.0.2"
    magic-string "^0.25.7"

"@vue/runtime-core@3.2.19":
  version "3.2.19"
  resolved "https://registry.npmmirror.com/@vue/runtime-core/download/@vue/runtime-core-3.2.19.tgz#807715b7f4728abb84fa4a8efdbe37d8ddb4c6d3"
  integrity sha1-gHcVt/RyiruE+kqO/b432N20xtM=
  dependencies:
    "@vue/reactivity" "3.2.19"
    "@vue/shared" "3.2.19"

"@vue/runtime-dom@3.2.19":
  version "3.2.19"
  resolved "https://registry.npmmirror.com/@vue/runtime-dom/download/@vue/runtime-dom-3.2.19.tgz#7e8bf645754703e360fa132e4be9113edf2377bb"
  integrity sha1-fov2RXVHA+Ng+hMuS+kRPt8jd7s=
  dependencies:
    "@vue/runtime-core" "3.2.19"
    "@vue/shared" "3.2.19"
    csstype "^2.6.8"

"@vue/server-renderer@3.2.19":
  version "3.2.19"
  resolved "https://registry.npmmirror.com/@vue/server-renderer/download/@vue/server-renderer-3.2.19.tgz#870bcec9f7cdaee0c2187a169b6e636ab4362fb1"
  integrity sha1-hwvOyffNruDCGHoWm25jarQ2L7E=
  dependencies:
    "@vue/compiler-ssr" "3.2.19"
    "@vue/shared" "3.2.19"

"@vue/shared@3.2.19", "@vue/shared@^3.2.19":
  version "3.2.19"
  resolved "https://registry.npmmirror.com/@vue/shared/download/@vue/shared-3.2.19.tgz#111ec3da18337d86274446984c49925b1b2b2dd7"
  integrity sha1-ER7D2hgzfYYnREaYTEmSWxsrLdc=

acorn@^7.1.1:
  version "7.4.1"
  resolved "https://registry.nlark.com/acorn/download/acorn-7.4.1.tgz#feaed255973d2e77555b83dbc08851a6c63520fa"
  integrity sha1-/q7SVZc9LndVW4PbwIhRpsY1IPo=

asap@~2.0.3:
  version "2.0.6"
  resolved "https://registry.npm.taobao.org/asap/download/asap-2.0.6.tgz#e50347611d7e690943208bbdafebcbc2fb866d46"
  integrity sha1-5QNHYR1+aQlDIIu9r+vLwvuGbUY=

assert-never@^1.2.1:
  version "1.2.1"
  resolved "https://registry.npm.taobao.org/assert-never/download/assert-never-1.2.1.tgz#11f0e363bf146205fb08193b5c7b90f4d1cf44fe"
  integrity sha1-EfDjY78UYgX7CBk7XHuQ9NHPRP4=

axios@^0.21.4:
  version "0.21.4"
  resolved "https://registry.nlark.com/axios/download/axios-0.21.4.tgz?cache=0&sync_timestamp=1630942656836&other_urls=https%3A%2F%2Fregistry.nlark.com%2Faxios%2Fdownload%2Faxios-0.21.4.tgz#c67b90dc0568e5c1cf2b0b858c43ba28e2eda575"
  integrity sha1-xnuQ3AVo5cHPKwuFjEO6KOLtpXU=
  dependencies:
    follow-redirects "^1.14.0"

babel-walk@3.0.0-canary-5:
  version "3.0.0-canary-5"
  resolved "https://registry.npm.taobao.org/babel-walk/download/babel-walk-3.0.0-canary-5.tgz#f66ecd7298357aee44955f235a6ef54219104b11"
  integrity sha1-9m7Ncpg1eu5ElV8jWm71QhkQSxE=
  dependencies:
    "@babel/types" "^7.9.6"

call-bind@^1.0.0, call-bind@^1.0.2:
  version "1.0.2"
  resolved "https://registry.nlark.com/call-bind/download/call-bind-1.0.2.tgz#b1d4e89e688119c3c9a903ad30abb2f6a919be3c"
  integrity sha1-sdTonmiBGcPJqQOtMKuy9qkZvjw=
  dependencies:
    function-bind "^1.1.1"
    get-intrinsic "^1.0.2"

character-parser@^2.2.0:
  version "2.2.0"
  resolved "https://registry.npm.taobao.org/character-parser/download/character-parser-2.2.0.tgz#c7ce28f36d4bcd9744e5ffc2c5fcde1c73261fc0"
  integrity sha1-x84o821LzZdE5f/CxfzeHHMmH8A=
  dependencies:
    is-regex "^1.0.3"

constantinople@^4.0.1:
  version "4.0.1"
  resolved "https://registry.npm.taobao.org/constantinople/download/constantinople-4.0.1.tgz#0def113fa0e4dc8de83331a5cf79c8b325213151"
  integrity sha1-De8RP6Dk3I3oMzGlz3nIsyUhMVE=
  dependencies:
    "@babel/parser" "^7.6.0"
    "@babel/types" "^7.6.1"

copy-anything@^2.0.1:
  version "2.0.3"
  resolved "https://registry.npm.taobao.org/copy-anything/download/copy-anything-2.0.3.tgz#842407ba02466b0df844819bbe3baebbe5d45d87"
  integrity sha1-hCQHugJGaw34RIGbvjuuu+XUXYc=
  dependencies:
    is-what "^3.12.0"

csstype@^2.6.8:
  version "2.6.18"
  resolved "https://registry.nlark.com/csstype/download/csstype-2.6.18.tgz?cache=0&sync_timestamp=1631540708034&other_urls=https%3A%2F%2Fregistry.nlark.com%2Fcsstype%2Fdownload%2Fcsstype-2.6.18.tgz#980a8b53085f34af313410af064f2bd241784218"
  integrity sha1-mAqLUwhfNK8xNBCvBk8r0kF4Qhg=

debug@^3.2.6:
  version "3.2.7"
  resolved "https://registry.nlark.com/debug/download/debug-3.2.7.tgz?cache=0&sync_timestamp=1625374653719&other_urls=https%3A%2F%2Fregistry.nlark.com%2Fdebug%2Fdownload%2Fdebug-3.2.7.tgz#72580b7e9145fb39b6676f9c5e5fb100b934179a"
  integrity sha1-clgLfpFF+zm2Z2+cXl+xALk0F5o=
  dependencies:
    ms "^2.1.1"

doctypes@^1.1.0:
  version "1.1.0"
  resolved "https://registry.nlark.com/doctypes/download/doctypes-1.1.0.tgz#ea80b106a87538774e8a3a4a5afe293de489e0a9"
  integrity sha1-6oCxBqh1OHdOijpKWv4pPeSJ4Kk=

dom-serializer@^1.0.1:
  version "1.3.2"
  resolved "https://registry.nlark.com/dom-serializer/download/dom-serializer-1.3.2.tgz?cache=0&sync_timestamp=1621256858583&other_urls=https%3A%2F%2Fregistry.nlark.com%2Fdom-serializer%2Fdownload%2Fdom-serializer-1.3.2.tgz#6206437d32ceefaec7161803230c7a20bc1b4d91"
  integrity sha1-YgZDfTLO767HFhgDIwx6ILwbTZE=
  dependencies:
    domelementtype "^2.0.1"
    domhandler "^4.2.0"
    entities "^2.0.0"

domelementtype@^2.0.1, domelementtype@^2.2.0:
  version "2.2.0"
  resolved "https://registry.npm.taobao.org/domelementtype/download/domelementtype-2.2.0.tgz#9a0b6c2782ed6a1c7323d42267183df9bd8b1d57"
  integrity sha1-mgtsJ4LtahxzI9QiZxg9+b2LHVc=

domhandler@^4.0.0, domhandler@^4.2.0:
  version "4.2.2"
  resolved "https://registry.nlark.com/domhandler/download/domhandler-4.2.2.tgz?cache=0&sync_timestamp=1630246778110&other_urls=https%3A%2F%2Fregistry.nlark.com%2Fdomhandler%2Fdownload%2Fdomhandler-4.2.2.tgz#e825d721d19a86b8c201a35264e226c678ee755f"
  integrity sha1-6CXXIdGahrjCAaNSZOImxnjudV8=
  dependencies:
    domelementtype "^2.2.0"

domutils@^2.5.2:
  version "2.8.0"
  resolved "https://registry.nlark.com/domutils/download/domutils-2.8.0.tgz?cache=0&sync_timestamp=1630106606599&other_urls=https%3A%2F%2Fregistry.nlark.com%2Fdomutils%2Fdownload%2Fdomutils-2.8.0.tgz#4437def5db6e2d1f5d6ee859bd95ca7d02048135"
  integrity sha1-RDfe9dtuLR9dbuhZvZXKfQIEgTU=
  dependencies:
    dom-serializer "^1.0.1"
    domelementtype "^2.2.0"
    domhandler "^4.2.0"

emmet@^2.3.0:
  version "2.3.4"
  resolved "https://registry.nlark.com/emmet/download/emmet-2.3.4.tgz#5ba0d7a5569a68c7697dfa890c772e4f3179d123"
  integrity sha1-W6DXpVaaaMdpffqJDHcuTzF50SM=
  dependencies:
    "@emmetio/abbreviation" "^2.2.2"
    "@emmetio/css-abbreviation" "^2.1.4"

entities@^2.0.0:
  version "2.2.0"
  resolved "https://registry.nlark.com/entities/download/entities-2.2.0.tgz?cache=0&sync_timestamp=1628508126700&other_urls=https%3A%2F%2Fregistry.nlark.com%2Fentities%2Fdownload%2Fentities-2.2.0.tgz#098dc90ebb83d8dffa089d55256b351d34c4da55"
  integrity sha1-CY3JDruD2N/6CJ1VJWs1HTTE2lU=

errno@^0.1.1:
  version "0.1.8"
  resolved "https://registry.nlark.com/errno/download/errno-0.1.8.tgz#8bb3e9c7d463be4976ff888f76b4809ebc2e811f"
  integrity sha1-i7Ppx9Rjvkl2/4iPdrSAnrwugR8=
  dependencies:
    prr "~1.0.1"

esbuild@^0.12.17:
  version "0.12.29"
  resolved "https://registry.npmmirror.com/esbuild/download/esbuild-0.12.29.tgz#be602db7c4dc78944a9dbde0d1ea19d36c1f882d"
  integrity sha1-vmAtt8TceJRKnb3g0eoZ02wfiC0=

estree-walker@^2.0.2:
  version "2.0.2"
  resolved "https://registry.npm.taobao.org/estree-walker/download/estree-walker-2.0.2.tgz#52f010178c2a4c117a7757cfe942adb7d2da4cac"
  integrity sha1-UvAQF4wqTBF6d1fP6UKtt9LaTKw=

follow-redirects@^1.14.0:
  version "1.14.4"
  resolved "https://registry.nlark.com/follow-redirects/download/follow-redirects-1.14.4.tgz?cache=0&sync_timestamp=1631622129411&other_urls=https%3A%2F%2Fregistry.nlark.com%2Ffollow-redirects%2Fdownload%2Ffollow-redirects-1.14.4.tgz#838fdf48a8bbdd79e52ee51fb1c94e3ed98b9379"
  integrity sha1-g4/fSKi73XnlLuUfsclOPtmLk3k=

fsevents@~2.3.2:
  version "2.3.2"
  resolved "https://registry.nlark.com/fsevents/download/fsevents-2.3.2.tgz#8a526f78b8fdf4623b709e0b975c52c24c02fd1a"
  integrity sha1-ilJveLj99GI7cJ4Ll1xSwkwC/Ro=

function-bind@^1.1.1:
  version "1.1.1"
  resolved "https://registry.npm.taobao.org/function-bind/download/function-bind-1.1.1.tgz#a56899d3ea3c9bab874bb9773b7c5ede92f4895d"
  integrity sha1-pWiZ0+o8m6uHS7l3O3xe3pL0iV0=

get-intrinsic@^1.0.2:
  version "1.1.1"
  resolved "https://registry.nlark.com/get-intrinsic/download/get-intrinsic-1.1.1.tgz#15f59f376f855c446963948f0d24cd3637b4abc6"
  integrity sha1-FfWfN2+FXERpY5SPDSTNNje0q8Y=
  dependencies:
    function-bind "^1.1.1"
    has "^1.0.3"
    has-symbols "^1.0.1"

graceful-fs@^4.1.2:
  version "4.2.8"
  resolved "https://registry.nlark.com/graceful-fs/download/graceful-fs-4.2.8.tgz?cache=0&sync_timestamp=1628194007768&other_urls=https%3A%2F%2Fregistry.nlark.com%2Fgraceful-fs%2Fdownload%2Fgraceful-fs-4.2.8.tgz#e412b8d33f5e006593cbd3cee6df9f2cebbe802a"
  integrity sha1-5BK40z9eAGWTy9PO5t+fLOu+gCo=

has-symbols@^1.0.1, has-symbols@^1.0.2:
  version "1.0.2"
  resolved "https://registry.nlark.com/has-symbols/download/has-symbols-1.0.2.tgz#165d3070c00309752a1236a479331e3ac56f1423"
  integrity sha1-Fl0wcMADCXUqEjakeTMeOsVvFCM=

has-tostringtag@^1.0.0:
  version "1.0.0"
  resolved "https://registry.nlark.com/has-tostringtag/download/has-tostringtag-1.0.0.tgz#7e133818a7d394734f941e73c3d3f9291e658b25"
  integrity sha1-fhM4GKfTlHNPlB5zw9P5KR5liyU=
  dependencies:
    has-symbols "^1.0.2"

has@^1.0.3:
  version "1.0.3"
  resolved "https://registry.nlark.com/has/download/has-1.0.3.tgz#722d7cbfc1f6aa8241f16dd814e011e1f41e8796"
  integrity sha1-ci18v8H2qoJB8W3YFOAR4fQeh5Y=
  dependencies:
    function-bind "^1.1.1"

htmlparser2@^6.1.0:
  version "6.1.0"
  resolved "https://registry.nlark.com/htmlparser2/download/htmlparser2-6.1.0.tgz?cache=0&sync_timestamp=1631386302257&other_urls=https%3A%2F%2Fregistry.nlark.com%2Fhtmlparser2%2Fdownload%2Fhtmlparser2-6.1.0.tgz#c4d762b6c3371a05dbe65e94ae43a9f845fb8fb7"
  integrity sha1-xNditsM3GgXb5l6UrkOp+EX7j7c=
  dependencies:
    domelementtype "^2.0.1"
    domhandler "^4.0.0"
    domutils "^2.5.2"
    entities "^2.0.0"

iconv-lite@^0.4.4:
  version "0.4.24"
  resolved "https://registry.nlark.com/iconv-lite/download/iconv-lite-0.4.24.tgz?cache=0&sync_timestamp=1621826271136&other_urls=https%3A%2F%2Fregistry.nlark.com%2Ficonv-lite%2Fdownload%2Ficonv-lite-0.4.24.tgz#2022b4b25fbddc21d2f524974a474aafe733908b"
  integrity sha1-ICK0sl+93CHS9SSXSkdKr+czkIs=
  dependencies:
    safer-buffer ">= 2.1.2 < 3"

image-size@~0.5.0:
  version "0.5.5"
  resolved "https://registry.npm.taobao.org/image-size/download/image-size-0.5.5.tgz#09dfd4ab9d20e29eb1c3e80b8990378df9e3cb9c"
  integrity sha1-Cd/Uq50g4p6xw+gLiZA3jfnjy5w=

is-core-module@^2.2.0:
  version "2.6.0"
  resolved "https://registry.nlark.com/is-core-module/download/is-core-module-2.6.0.tgz?cache=0&sync_timestamp=1629225103688&other_urls=https%3A%2F%2Fregistry.nlark.com%2Fis-core-module%2Fdownload%2Fis-core-module-2.6.0.tgz#d7553b2526fe59b92ba3e40c8df757ec8a709e19"
  integrity sha1-11U7JSb+Wbkro+QMjfdX7Ipwnhk=
  dependencies:
    has "^1.0.3"

is-expression@^4.0.0:
  version "4.0.0"
  resolved "https://registry.npm.taobao.org/is-expression/download/is-expression-4.0.0.tgz#c33155962abf21d0afd2552514d67d2ec16fd2ab"
  integrity sha1-wzFVliq/IdCv0lUlFNZ9LsFv0qs=
  dependencies:
    acorn "^7.1.1"
    object-assign "^4.1.1"

is-promise@^2.0.0:
  version "2.2.2"
  resolved "https://registry.npm.taobao.org/is-promise/download/is-promise-2.2.2.tgz?cache=0&sync_timestamp=1588002411837&other_urls=https%3A%2F%2Fregistry.npm.taobao.org%2Fis-promise%2Fdownload%2Fis-promise-2.2.2.tgz#39ab959ccbf9a774cf079f7b40c7a26f763135f1"
  integrity sha1-OauVnMv5p3TPB597QMeib3YxNfE=

is-regex@^1.0.3:
  version "1.1.4"
  resolved "https://registry.nlark.com/is-regex/download/is-regex-1.1.4.tgz#eef5663cd59fa4c0ae339505323df6854bb15958"
  integrity sha1-7vVmPNWfpMCuM5UFMj32hUuxWVg=
  dependencies:
    call-bind "^1.0.2"
    has-tostringtag "^1.0.0"

is-what@^3.12.0:
  version "3.14.1"
  resolved "https://registry.npm.taobao.org/is-what/download/is-what-3.14.1.tgz?cache=0&sync_timestamp=1615169709354&other_urls=https%3A%2F%2Fregistry.npm.taobao.org%2Fis-what%2Fdownload%2Fis-what-3.14.1.tgz#e1222f46ddda85dead0fd1c9df131760e77755c1"
  integrity sha1-4SIvRt3ahd6tD9HJ3xMXYOd3VcE=

js-stringify@^1.0.2:
  version "1.0.2"
  resolved "https://registry.npm.taobao.org/js-stringify/download/js-stringify-1.0.2.tgz#1736fddfd9724f28a3682adc6230ae7e4e9679db"
  integrity sha1-Fzb939lyTyijaCrcYjCufk6Weds=

jsonc-parser@^2.3.0:
  version "2.3.1"
  resolved "https://registry.nlark.com/jsonc-parser/download/jsonc-parser-2.3.1.tgz#59549150b133f2efacca48fe9ce1ec0659af2342"
  integrity sha1-WVSRULEz8u+sykj+nOHsBlmvI0I=

jsonc-parser@^3.0.0:
  version "3.0.0"
  resolved "https://registry.nlark.com/jsonc-parser/download/jsonc-parser-3.0.0.tgz#abdd785701c7e7eaca8a9ec8cf070ca51a745a22"
  integrity sha1-q914VwHH5+rKip7IzwcMpRp0WiI=

jstransformer@1.0.0:
  version "1.0.0"
  resolved "https://registry.npm.taobao.org/jstransformer/download/jstransformer-1.0.0.tgz#ed8bf0921e2f3f1ed4d5c1a44f68709ed24722c3"
  integrity sha1-7Yvwkh4vPx7U1cGkT2hwntJHIsM=
  dependencies:
    is-promise "^2.0.0"
    promise "^7.0.1"

less@^4.1.1:
  version "4.1.1"
  resolved "https://registry.nlark.com/less/download/less-4.1.1.tgz#15bf253a9939791dc690888c3ff424f3e6c7edba"
  integrity sha1-Fb8lOpk5eR3GkIiMP/Qk8+bH7bo=
  dependencies:
    copy-anything "^2.0.1"
    parse-node-version "^1.0.1"
    tslib "^1.10.0"
  optionalDependencies:
    errno "^0.1.1"
    graceful-fs "^4.1.2"
    image-size "~0.5.0"
    make-dir "^2.1.0"
    mime "^1.4.1"
    needle "^2.5.2"
    source-map "~0.6.0"

lru-cache@^6.0.0:
  version "6.0.0"
  resolved "https://registry.nlark.com/lru-cache/download/lru-cache-6.0.0.tgz#6d6fe6570ebd96aaf90fcad1dafa3b2566db3a94"
  integrity sha1-bW/mVw69lqr5D8rR2vo7JWbbOpQ=
  dependencies:
    yallist "^4.0.0"

magic-string@^0.25.7:
  version "0.25.7"
  resolved "https://registry.nlark.com/magic-string/download/magic-string-0.25.7.tgz?cache=0&sync_timestamp=1618846922153&other_urls=https%3A%2F%2Fregistry.nlark.com%2Fmagic-string%2Fdownload%2Fmagic-string-0.25.7.tgz#3f497d6fd34c669c6798dcb821f2ef31f5445051"
  integrity sha1-P0l9b9NMZpxnmNy4IfLvMfVEUFE=
  dependencies:
    sourcemap-codec "^1.4.4"

make-dir@^2.1.0:
  version "2.1.0"
  resolved "https://registry.npm.taobao.org/make-dir/download/make-dir-2.1.0.tgz#5f0310e18b8be898cc07009295a30ae41e91e6f5"
  integrity sha1-XwMQ4YuL6JjMBwCSlaMK5B6R5vU=
  dependencies:
    pify "^4.0.1"
    semver "^5.6.0"

mime@^1.4.1:
  version "1.6.0"
  resolved "https://registry.npm.taobao.org/mime/download/mime-1.6.0.tgz#32cd9e5c64553bd58d19a568af452acff04981b1"
  integrity sha1-Ms2eXGRVO9WNGaVor0Uqz/BJgbE=

ms@^2.1.1:
  version "2.1.3"
  resolved "https://registry.nlark.com/ms/download/ms-2.1.3.tgz#574c8138ce1d2b5861f0b44579dbadd60c6615b2"
  integrity sha1-V0yBOM4dK1hh8LRFedut1gxmFbI=

nanocolors@^0.2.2:
  version "0.2.9"
  resolved "https://registry.npmmirror.com/nanocolors/download/nanocolors-0.2.9.tgz?cache=0&sync_timestamp=1632653759354&other_urls=https%3A%2F%2Fregistry.npmmirror.com%2Fnanocolors%2Fdownload%2Fnanocolors-0.2.9.tgz#319c5e7a73571abd60e4d273150c2cb95017ac5b"
  integrity sha1-MZxeenNXGr1g5NJzFQwsuVAXrFs=

nanoid@^3.1.25:
  version "3.1.28"
  resolved "https://registry.npmmirror.com/nanoid/download/nanoid-3.1.28.tgz?cache=0&sync_timestamp=1632645277090&other_urls=https%3A%2F%2Fregistry.npmmirror.com%2Fnanoid%2Fdownload%2Fnanoid-3.1.28.tgz#3c01bac14cb6c5680569014cc65a2f26424c6bd4"
  integrity sha1-PAG6wUy2xWgFaQFMxlovJkJMa9Q=

needle@^2.5.2:
  version "2.9.1"
  resolved "https://registry.nlark.com/needle/download/needle-2.9.1.tgz?cache=0&sync_timestamp=1630674795023&other_urls=https%3A%2F%2Fregistry.nlark.com%2Fneedle%2Fdownload%2Fneedle-2.9.1.tgz#22d1dffbe3490c2b83e301f7709b6736cd8f2684"
  integrity sha1-ItHf++NJDCuD4wH3cJtnNs2PJoQ=
  dependencies:
    debug "^3.2.6"
    iconv-lite "^0.4.4"
    sax "^1.2.4"

object-assign@^4.1.1:
  version "4.1.1"
  resolved "https://registry.nlark.com/object-assign/download/object-assign-4.1.1.tgz#2109adc7965887cfc05cbbd442cac8bfbb360863"
  integrity sha1-IQmtx5ZYh8/AXLvUQsrIv7s2CGM=

object-inspect@^1.9.0:
  version "1.11.0"
  resolved "https://registry.nlark.com/object-inspect/download/object-inspect-1.11.0.tgz?cache=0&sync_timestamp=1626120241132&other_urls=https%3A%2F%2Fregistry.nlark.com%2Fobject-inspect%2Fdownload%2Fobject-inspect-1.11.0.tgz#9dceb146cedd4148a0d9e51ab88d34cf509922b1"
  integrity sha1-nc6xRs7dQUig2eUauI00z1CZIrE=

parse-node-version@^1.0.1:
  version "1.0.1"
  resolved "https://registry.nlark.com/parse-node-version/download/parse-node-version-1.0.1.tgz#e2b5dbede00e7fa9bc363607f53327e8b073189b"
  integrity sha1-4rXb7eAOf6m8NjYH9TMn6LBzGJs=

path-parse@^1.0.6:
  version "1.0.7"
  resolved "https://registry.nlark.com/path-parse/download/path-parse-1.0.7.tgz#fbc114b60ca42b30d9daf5858e4bd68bbedb6735"
  integrity sha1-+8EUtgykKzDZ2vWFjkvWi77bZzU=

pify@^4.0.1:
  version "4.0.1"
  resolved "https://registry.nlark.com/pify/download/pify-4.0.1.tgz#4b2cd25c50d598735c50292224fd8c6df41e3231"
  integrity sha1-SyzSXFDVmHNcUCkiJP2MbfQeMjE=

postcss@^8.1.10, postcss@^8.3.6:
  version "8.3.8"
  resolved "https://registry.npmmirror.com/postcss/download/postcss-8.3.8.tgz?cache=0&sync_timestamp=1632555261973&other_urls=https%3A%2F%2Fregistry.npmmirror.com%2Fpostcss%2Fdownload%2Fpostcss-8.3.8.tgz#9ebe2a127396b4b4570ae9f7770e7fb83db2bac1"
  integrity sha1-nr4qEnOWtLRXCun3dw5/uD2yusE=
  dependencies:
    nanocolors "^0.2.2"
    nanoid "^3.1.25"
    source-map-js "^0.6.2"

promise@^7.0.1:
  version "7.3.1"
  resolved "https://registry.npm.taobao.org/promise/download/promise-7.3.1.tgz#064b72602b18f90f29192b8b1bc418ffd1ebd3bf"
  integrity sha1-BktyYCsY+Q8pGSuLG8QY/9Hr078=
  dependencies:
    asap "~2.0.3"

prr@~1.0.1:
  version "1.0.1"
  resolved "https://registry.npm.taobao.org/prr/download/prr-1.0.1.tgz#d3fc114ba06995a45ec6893f484ceb1d78f5f476"
  integrity sha1-0/wRS6BplaRexok/SEzrHXj19HY=

pug-attrs@^3.0.0:
  version "3.0.0"
  resolved "https://registry.nlark.com/pug-attrs/download/pug-attrs-3.0.0.tgz#b10451e0348165e31fad1cc23ebddd9dc7347c41"
  integrity sha1-sQRR4DSBZeMfrRzCPr3dncc0fEE=
  dependencies:
    constantinople "^4.0.1"
    js-stringify "^1.0.2"
    pug-runtime "^3.0.0"

pug-code-gen@^3.0.2:
  version "3.0.2"
  resolved "https://registry.npm.taobao.org/pug-code-gen/download/pug-code-gen-3.0.2.tgz#ad190f4943133bf186b60b80de483100e132e2ce"
  integrity sha1-rRkPSUMTO/GGtguA3kgxAOEy4s4=
  dependencies:
    constantinople "^4.0.1"
    doctypes "^1.1.0"
    js-stringify "^1.0.2"
    pug-attrs "^3.0.0"
    pug-error "^2.0.0"
    pug-runtime "^3.0.0"
    void-elements "^3.1.0"
    with "^7.0.0"

pug-error@^2.0.0:
  version "2.0.0"
  resolved "https://registry.npm.taobao.org/pug-error/download/pug-error-2.0.0.tgz#5c62173cb09c34de2a2ce04f17b8adfec74d8ca5"
  integrity sha1-XGIXPLCcNN4qLOBPF7it/sdNjKU=

pug-filters@^4.0.0:
  version "4.0.0"
  resolved "https://registry.npm.taobao.org/pug-filters/download/pug-filters-4.0.0.tgz#d3e49af5ba8472e9b7a66d980e707ce9d2cc9b5e"
  integrity sha1-0+Sa9bqEcum3pm2YDnB86dLMm14=
  dependencies:
    constantinople "^4.0.1"
    jstransformer "1.0.0"
    pug-error "^2.0.0"
    pug-walk "^2.0.0"
    resolve "^1.15.1"

pug-lexer@^5.0.1:
  version "5.0.1"
  resolved "https://registry.npm.taobao.org/pug-lexer/download/pug-lexer-5.0.1.tgz#ae44628c5bef9b190b665683b288ca9024b8b0d5"
  integrity sha1-rkRijFvvmxkLZlaDsojKkCS4sNU=
  dependencies:
    character-parser "^2.2.0"
    is-expression "^4.0.0"
    pug-error "^2.0.0"

pug-linker@^4.0.0:
  version "4.0.0"
  resolved "https://registry.npm.taobao.org/pug-linker/download/pug-linker-4.0.0.tgz#12cbc0594fc5a3e06b9fc59e6f93c146962a7708"
  integrity sha1-EsvAWU/Fo+Brn8Web5PBRpYqdwg=
  dependencies:
    pug-error "^2.0.0"
    pug-walk "^2.0.0"

pug-load@^3.0.0:
  version "3.0.0"
  resolved "https://registry.npm.taobao.org/pug-load/download/pug-load-3.0.0.tgz#9fd9cda52202b08adb11d25681fb9f34bd41b662"
  integrity sha1-n9nNpSICsIrbEdJWgfufNL1BtmI=
  dependencies:
    object-assign "^4.1.1"
    pug-walk "^2.0.0"

pug-parser@^6.0.0:
  version "6.0.0"
  resolved "https://registry.npm.taobao.org/pug-parser/download/pug-parser-6.0.0.tgz#a8fdc035863a95b2c1dc5ebf4ecf80b4e76a1260"
  integrity sha1-qP3ANYY6lbLB3F6/Ts+AtOdqEmA=
  dependencies:
    pug-error "^2.0.0"
    token-stream "1.0.0"

pug-runtime@^3.0.0, pug-runtime@^3.0.1:
  version "3.0.1"
  resolved "https://registry.npm.taobao.org/pug-runtime/download/pug-runtime-3.0.1.tgz#f636976204723f35a8c5f6fad6acda2a191b83d7"
  integrity sha1-9jaXYgRyPzWoxfb61qzaKhkbg9c=

pug-strip-comments@^2.0.0:
  version "2.0.0"
  resolved "https://registry.npm.taobao.org/pug-strip-comments/download/pug-strip-comments-2.0.0.tgz#f94b07fd6b495523330f490a7f554b4ff876303e"
  integrity sha1-+UsH/WtJVSMzD0kKf1VLT/h2MD4=
  dependencies:
    pug-error "^2.0.0"

pug-walk@^2.0.0:
  version "2.0.0"
  resolved "https://registry.nlark.com/pug-walk/download/pug-walk-2.0.0.tgz#417aabc29232bb4499b5b5069a2b2d2a24d5f5fe"
  integrity sha1-QXqrwpIyu0SZtbUGmistKiTV9f4=

pug@^3.0.2:
  version "3.0.2"
  resolved "https://registry.npm.taobao.org/pug/download/pug-3.0.2.tgz#f35c7107343454e43bc27ae0ff76c731b78ea535"
  integrity sha1-81xxBzQ0VOQ7wnrg/3bHMbeOpTU=
  dependencies:
    pug-code-gen "^3.0.2"
    pug-filters "^4.0.0"
    pug-lexer "^5.0.1"
    pug-linker "^4.0.0"
    pug-load "^3.0.0"
    pug-parser "^6.0.0"
    pug-runtime "^3.0.1"
    pug-strip-comments "^2.0.0"

qs@^6.10.1:
  version "6.10.1"
  resolved "https://registry.nlark.com/qs/download/qs-6.10.1.tgz#4931482fa8d647a5aab799c5271d2133b981fb6a"
  integrity sha1-STFIL6jWR6Wqt5nFJx0hM7mB+2o=
  dependencies:
    side-channel "^1.0.4"

request-light@^0.5.4:
  version "0.5.4"
  resolved "https://registry.nlark.com/request-light/download/request-light-0.5.4.tgz#497a98c6d8ae49536417a5e2d7f383b934f3e38c"
  integrity sha1-SXqYxtiuSVNkF6Xi1/ODuTTz44w=

resolve@^1.15.1, resolve@^1.20.0:
  version "1.20.0"
  resolved "https://registry.npm.taobao.org/resolve/download/resolve-1.20.0.tgz?cache=0&sync_timestamp=1613055280179&other_urls=https%3A%2F%2Fregistry.npm.taobao.org%2Fresolve%2Fdownload%2Fresolve-1.20.0.tgz#629a013fb3f70755d6f0b7935cc1c2c5378b1975"
  integrity sha1-YpoBP7P3B1XW8LeTXMHCxTeLGXU=
  dependencies:
    is-core-module "^2.2.0"
    path-parse "^1.0.6"

rollup@^2.38.5:
  version "2.57.0"
  resolved "https://registry.nlark.com/rollup/download/rollup-2.57.0.tgz?cache=0&sync_timestamp=1632286474389&other_urls=https%3A%2F%2Fregistry.nlark.com%2Frollup%2Fdownload%2Frollup-2.57.0.tgz#c1694475eb22e1022477c0f4635fd0ac80713173"
  integrity sha1-wWlEdesi4QIkd8D0Y1/QrIBxMXM=
  optionalDependencies:
    fsevents "~2.3.2"

"safer-buffer@>= 2.1.2 < 3":
  version "2.1.2"
  resolved "https://registry.nlark.com/safer-buffer/download/safer-buffer-2.1.2.tgz#44fa161b0187b9549dd84bb91802f9bd8385cd6a"
  integrity sha1-RPoWGwGHuVSd2Eu5GAL5vYOFzWo=

sax@^1.2.4:
  version "1.2.4"
  resolved "https://registry.npm.taobao.org/sax/download/sax-1.2.4.tgz#2816234e2378bddc4e5354fab5caa895df7100d9"
  integrity sha1-KBYjTiN4vdxOU1T6tcqold9xANk=

semver@^5.6.0:
  version "5.7.1"
  resolved "https://registry.nlark.com/semver/download/semver-5.7.1.tgz?cache=0&sync_timestamp=1618846828850&other_urls=https%3A%2F%2Fregistry.nlark.com%2Fsemver%2Fdownload%2Fsemver-5.7.1.tgz#a954f931aeba508d307bbf069eff0c01c96116f7"
  integrity sha1-qVT5Ma66UI0we78Gnv8MAclhFvc=

semver@^7.3.5:
  version "7.3.5"
  resolved "https://registry.nlark.com/semver/download/semver-7.3.5.tgz?cache=0&sync_timestamp=1618846828850&other_urls=https%3A%2F%2Fregistry.nlark.com%2Fsemver%2Fdownload%2Fsemver-7.3.5.tgz#0b621c879348d8998e4b0e4be94b3f12e6018ef7"
  integrity sha1-C2Ich5NI2JmOSw5L6Us/EuYBjvc=
  dependencies:
    lru-cache "^6.0.0"

side-channel@^1.0.4:
  version "1.0.4"
  resolved "https://registry.nlark.com/side-channel/download/side-channel-1.0.4.tgz#efce5c8fdc104ee751b25c58d4290011fa5ea2cf"
  integrity sha1-785cj9wQTudRslxY1CkAEfpeos8=
  dependencies:
    call-bind "^1.0.0"
    get-intrinsic "^1.0.2"
    object-inspect "^1.9.0"

source-map-js@^0.6.2:
  version "0.6.2"
  resolved "https://registry.npm.taobao.org/source-map-js/download/source-map-js-0.6.2.tgz#0bb5de631b41cfbda6cfba8bd05a80efdfd2385e"
  integrity sha1-C7XeYxtBz72mz7qL0FqA79/SOF4=

source-map@^0.6.1, source-map@~0.6.0:
  version "0.6.1"
  resolved "https://registry.npm.taobao.org/source-map/download/source-map-0.6.1.tgz#74722af32e9614e9c287a8d0bbde48b5e2f1a263"
  integrity sha1-dHIq8y6WFOnCh6jQu95IteLxomM=

sourcemap-codec@^1.4.4:
  version "1.4.8"
  resolved "https://registry.npm.taobao.org/sourcemap-codec/download/sourcemap-codec-1.4.8.tgz#ea804bd94857402e6992d05a38ef1ae35a9ab4c4"
  integrity sha1-6oBL2UhXQC5pktBaOO8a41qatMQ=

to-fast-properties@^2.0.0:
  version "2.0.0"
  resolved "https://registry.nlark.com/to-fast-properties/download/to-fast-properties-2.0.0.tgz?cache=0&sync_timestamp=1628418925592&other_urls=https%3A%2F%2Fregistry.nlark.com%2Fto-fast-properties%2Fdownload%2Fto-fast-properties-2.0.0.tgz#dc5e698cbd079265bc73e0377681a4e4e83f616e"
  integrity sha1-3F5pjL0HkmW8c+A3doGk5Og/YW4=

token-stream@1.0.0:
  version "1.0.0"
  resolved "https://registry.npm.taobao.org/token-stream/download/token-stream-1.0.0.tgz#cc200eab2613f4166d27ff9afc7ca56d49df6eb4"
  integrity sha1-zCAOqyYT9BZtJ/+a/HylbUnfbrQ=

tslib@^1.10.0:
  version "1.14.1"
  resolved "https://registry.nlark.com/tslib/download/tslib-1.14.1.tgz#cf2d38bdc34a134bcaf1091c41f6619e2f672d00"
  integrity sha1-zy04vcNKE0vK8QkcQfZhni9nLQA=

typescript@^4.4.3:
  version "4.4.3"
  resolved "https://registry.npmmirror.com/typescript/download/typescript-4.4.3.tgz#bdc5407caa2b109efd4f82fe130656f977a29324"
  integrity sha1-vcVAfKorEJ79T4L+EwZW+XeikyQ=

upath@^2.0.1:
  version "2.0.1"
  resolved "https://registry.npm.taobao.org/upath/download/upath-2.0.1.tgz#50c73dea68d6f6b990f51d279ce6081665d61a8b"
  integrity sha1-UMc96mjW9rmQ9R0nnOYIFmXWGos=

vite@^2.5.10:
  version "2.5.10"
  resolved "https://registry.npmmirror.com/vite/download/vite-2.5.10.tgz#c598e3b5a7e1956ffc52eb3b3420d177fc2ed2a5"
  integrity sha1-xZjjtafhlW/8Uus7NCDRd/wu0qU=
  dependencies:
    esbuild "^0.12.17"
    postcss "^8.3.6"
    resolve "^1.20.0"
    rollup "^2.38.5"
  optionalDependencies:
    fsevents "~2.3.2"

void-elements@^3.1.0:
  version "3.1.0"
  resolved "https://registry.nlark.com/void-elements/download/void-elements-3.1.0.tgz#614f7fbf8d801f0bb5f0661f5b2f5785750e4f09"
  integrity sha1-YU9/v42AHwu18GYfWy9XhXUOTwk=

vscode-css-languageservice@^5.1.4:
  version "5.1.5"
  resolved "https://registry.nlark.com/vscode-css-languageservice/download/vscode-css-languageservice-5.1.5.tgz?cache=0&sync_timestamp=1631172520934&other_urls=https%3A%2F%2Fregistry.nlark.com%2Fvscode-css-languageservice%2Fdownload%2Fvscode-css-languageservice-5.1.5.tgz#400b2f63a4f73c60f5b0afc48c478c1b326b27c6"
  integrity sha1-QAsvY6T3PGD1sK/EjEeMGzJrJ8Y=
  dependencies:
    vscode-languageserver-textdocument "^1.0.1"
    vscode-languageserver-types "^3.16.0"
    vscode-nls "^5.0.0"
    vscode-uri "^3.0.2"

vscode-html-languageservice@^4.0.7:
  version "4.0.8"
  resolved "https://registry.nlark.com/vscode-html-languageservice/download/vscode-html-languageservice-4.0.8.tgz#9429bacce3244dcfcb3a7172903f33b6f418db3b"
  integrity sha1-lCm6zOMkTc/LOnFykD8ztvQY2zs=
  dependencies:
    vscode-languageserver-textdocument "^1.0.1"
    vscode-languageserver-types "^3.16.0"
    vscode-nls "^5.0.0"
    vscode-uri "^3.0.2"

vscode-json-languageservice@^4.1.7:
  version "4.1.7"
  resolved "https://registry.nlark.com/vscode-json-languageservice/download/vscode-json-languageservice-4.1.7.tgz#18244d62b115a5818c7526ef4339438b7175dfaa"
  integrity sha1-GCRNYrEVpYGMdSbvQzlDi3F136o=
  dependencies:
    jsonc-parser "^3.0.0"
    vscode-languageserver-textdocument "^1.0.1"
    vscode-languageserver-types "^3.16.0"
    vscode-nls "^5.0.0"
    vscode-uri "^3.0.2"

vscode-jsonrpc@8.0.0-next.2, vscode-jsonrpc@^8.0.0-next.2:
  version "8.0.0-next.2"
  resolved "https://registry.nlark.com/vscode-jsonrpc/download/vscode-jsonrpc-8.0.0-next.2.tgz#285fc294be586e4768acd67e5a42efc738a5cac0"
  integrity sha1-KF/ClL5YbkdorNZ+WkLvxzilysA=

vscode-languageserver-protocol@3.17.0-next.8:
  version "3.17.0-next.8"
  resolved "https://registry.nlark.com/vscode-languageserver-protocol/download/vscode-languageserver-protocol-3.17.0-next.8.tgz#ef2eb7423b474cccd11384239de24488e7fe818c"
  integrity sha1-7y63QjtHTMzRE4QjneJEiOf+gYw=
  dependencies:
    vscode-jsonrpc "8.0.0-next.2"
    vscode-languageserver-types "3.17.0-next.3"

vscode-languageserver-textdocument@^1.0.1:
  version "1.0.1"
  resolved "https://registry.nlark.com/vscode-languageserver-textdocument/download/vscode-languageserver-textdocument-1.0.1.tgz#178168e87efad6171b372add1dea34f53e5d330f"
  integrity sha1-F4Fo6H761hcbNyrdHeo09T5dMw8=

vscode-languageserver-types@3.17.0-next.3:
  version "3.17.0-next.3"
  resolved "https://registry.nlark.com/vscode-languageserver-types/download/vscode-languageserver-types-3.17.0-next.3.tgz#e1f4311e08ea3193e81126154b6a342fc1c3dba3"
  integrity sha1-4fQxHgjqMZPoESYVS2o0L8HD26M=

vscode-languageserver-types@^3.15.1, vscode-languageserver-types@^3.16.0:
  version "3.16.0"
  resolved "https://registry.nlark.com/vscode-languageserver-types/download/vscode-languageserver-types-3.16.0.tgz#ecf393fc121ec6974b2da3efb3155644c514e247"
  integrity sha1-7POT/BIexpdLLaPvsxVWRMUU4kc=

vscode-languageserver@^8.0.0-next.2:
  version "8.0.0-next.2"
  resolved "https://registry.nlark.com/vscode-languageserver/download/vscode-languageserver-8.0.0-next.2.tgz#3a3daf79ff10350ea9cec5c73b5302901a955117"
  integrity sha1-Oj2vef8QNQ6pzsXHO1MCkBqVURc=
  dependencies:
    vscode-languageserver-protocol "3.17.0-next.8"

vscode-nls@^5.0.0:
  version "5.0.0"
  resolved "https://registry.npm.taobao.org/vscode-nls/download/vscode-nls-5.0.0.tgz#99f0da0bd9ea7cda44e565a74c54b1f2bc257840"
  integrity sha1-mfDaC9nqfNpE5WWnTFSx8rwleEA=

vscode-pug-languageservice@^0.27.24:
  version "0.27.24"
  resolved "https://registry.npmmirror.com/vscode-pug-languageservice/download/vscode-pug-languageservice-0.27.24.tgz?cache=0&sync_timestamp=1632378507609&other_urls=https%3A%2F%2Fregistry.npmmirror.com%2Fvscode-pug-languageservice%2Fdownload%2Fvscode-pug-languageservice-0.27.24.tgz#fa805c4d3e33dee3681e660a0767136738e68370"
  integrity sha1-+oBcTT4z3uNoHmYKB2cTZzjmg3A=
  dependencies:
    "@volar/code-gen" "^0.27.24"
    "@volar/shared" "^0.27.24"
    "@volar/source-map" "^0.27.24"
    "@volar/transforms" "^0.27.24"
    pug-lexer "^5.0.1"
    pug-parser "^6.0.0"
    vscode-languageserver "^8.0.0-next.2"

vscode-typescript-languageservice@^0.27.25:
  version "0.27.25"
  resolved "https://registry.npmmirror.com/vscode-typescript-languageservice/download/vscode-typescript-languageservice-0.27.25.tgz#acd211723b600108c25515388b75d55ce15bb056"
  integrity sha1-rNIRcjtgAQjCVRU4i3XVXOFbsFY=
  dependencies:
    "@volar/shared" "^0.27.24"
    semver "^7.3.5"
    upath "^2.0.1"
    vscode-languageserver "^8.0.0-next.2"
    vscode-languageserver-textdocument "^1.0.1"

vscode-uri@^2.1.2:
  version "2.1.2"
  resolved "https://registry.nlark.com/vscode-uri/download/vscode-uri-2.1.2.tgz#c8d40de93eb57af31f3c715dd650e2ca2c096f1c"
  integrity sha1-yNQN6T61evMfPHFd1lDiyiwJbxw=

vscode-uri@^3.0.2:
  version "3.0.2"
  resolved "https://registry.nlark.com/vscode-uri/download/vscode-uri-3.0.2.tgz#ecfd1d066cb8ef4c3a208decdbab9a8c23d055d0"
  integrity sha1-7P0dBmy470w6II3s26uajCPQVdA=

vscode-vue-languageservice@^0.27.0:
  version "0.27.25"
  resolved "https://registry.npmmirror.com/vscode-vue-languageservice/download/vscode-vue-languageservice-0.27.25.tgz#54102d3ca39fc473669fb1a6d315391bd13b24b2"
  integrity sha1-VBAtPKOfxHNmn7Gm0xU5G9E7JLI=
  dependencies:
    "@volar/code-gen" "^0.27.24"
    "@volar/html2pug" "^0.27.13"
    "@volar/shared" "^0.27.24"
    "@volar/source-map" "^0.27.24"
    "@volar/transforms" "^0.27.24"
    "@vscode/emmet-helper" "^2.7.0"
    "@vue/compiler-dom" "^3.2.19"
    "@vue/reactivity" "^3.2.19"
    "@vue/shared" "^3.2.19"
    request-light "^0.5.4"
    upath "^2.0.1"
    vscode-css-languageservice "^5.1.4"
    vscode-html-languageservice "^4.0.7"
    vscode-json-languageservice "^4.1.7"
    vscode-languageserver "^8.0.0-next.2"
    vscode-languageserver-textdocument "^1.0.1"
    vscode-pug-languageservice "^0.27.24"
    vscode-typescript-languageservice "^0.27.25"

vue-router@^4.0.11:
  version "4.0.11"
  resolved "https://registry.nlark.com/vue-router/download/vue-router-4.0.11.tgz?cache=0&sync_timestamp=1628495505697&other_urls=https%3A%2F%2Fregistry.nlark.com%2Fvue-router%2Fdownload%2Fvue-router-4.0.11.tgz#cd649a0941c635281763a20965b599643ddc68ed"
  integrity sha1-zWSaCUHGNSgXY6IJZbWZZD3caO0=
  dependencies:
    "@vue/devtools-api" "^6.0.0-beta.14"

vue-tsc@^0.3.0:
  version "0.3.0"
  resolved "https://registry.nlark.com/vue-tsc/download/vue-tsc-0.3.0.tgz#3b3872bf4f1d2e4409b57adbd826032e253db406"
  integrity sha1-Ozhyv08dLkQJtXrb2CYDLiU9tAY=
  dependencies:
    vscode-vue-languageservice "^0.27.0"

vue@^3.2.13:
  version "3.2.19"
  resolved "https://registry.npmmirror.com/vue/download/vue-3.2.19.tgz#da2c80a6a0271c7097fee9e31692adfd9d569c8f"
  integrity sha1-2iyApqAnHHCX/unjFpKt/Z1WnI8=
  dependencies:
    "@vue/compiler-dom" "3.2.19"
    "@vue/compiler-sfc" "3.2.19"
    "@vue/runtime-dom" "3.2.19"
    "@vue/server-renderer" "3.2.19"
    "@vue/shared" "3.2.19"

with@^7.0.0:
  version "7.0.2"
  resolved "https://registry.npm.taobao.org/with/download/with-7.0.2.tgz?cache=0&other_urls=https%3A%2F%2Fregistry.npm.taobao.org%2Fwith%2Fdownload%2Fwith-7.0.2.tgz#ccee3ad542d25538a7a7a80aad212b9828495bac"
  integrity sha1-zO461ULSVTinp6gKrSErmChJW6w=
  dependencies:
    "@babel/parser" "^7.9.6"
    "@babel/types" "^7.9.6"
    assert-never "^1.2.1"
    babel-walk "3.0.0-canary-5"

yallist@^4.0.0:
  version "4.0.0"
  resolved "https://registry.nlark.com/yallist/download/yallist-4.0.0.tgz#9bb92790d9c0effec63be73519e11a35019a3a72"
  integrity sha1-m7knkNnA7/7GO+c1GeEaNQGaOnI=
